// !$*UTF8*$!
{
	archiveVersion = 1;
	classes = {
	};
	objectVersion = 46;
	objects = {

/* Begin PBXBuildFile section */
		D3FAC8671A92E70400C7A964 /* main.m in Sources */ = {isa = PBXBuildFile; fileRef = D3FAC8661A92E70400C7A964 /* main.m */; };
		D3FAC86A1A92E70400C7A964 /* AppDelegate.m in Sources */ = {isa = PBXBuildFile; fileRef = D3FAC8691A92E70400C7A964 /* AppDelegate.m */; };
		D3FAC86D1A92E70400C7A964 /* ViewController.m in Sources */ = {isa = PBXBuildFile; fileRef = D3FAC86C1A92E70400C7A964 /* ViewController.m */; };
		D3FAC8701A92E70400C7A964 /* Main.storyboard in Resources */ = {isa = PBXBuildFile; fileRef = D3FAC86E1A92E70400C7A964 /* Main.storyboard */; };
		D3FAC8721A92E70400C7A964 /* Images.xcassets in Resources */ = {isa = PBXBuildFile; fileRef = D3FAC8711A92E70400C7A964 /* Images.xcassets */; };
		D3FAC8751A92E70400C7A964 /* LaunchScreen.xib in Resources */ = {isa = PBXBuildFile; fileRef = D3FAC8731A92E70400C7A964 /* LaunchScreen.xib */; };
		D3FAC8811A92E70400C7A964 /* BaresOaxacaTests.m in Sources */ = {isa = PBXBuildFile; fileRef = D3FAC8801A92E70400C7A964 /* BaresOaxacaTests.m */; };
/* End PBXBuildFile section */

/* Begin PBXContainerItemProxy section */
		D3FAC87B1A92E70400C7A964 /* PBXContainerItemProxy */ = {
			isa = PBXContainerItemProxy;
			containerPortal = D3FAC8591A92E70400C7A964 /* Project object */;
			proxyType = 1;
			remoteGlobalIDString = D3FAC8601A92E70400C7A964;
			remoteInfo = BaresOaxaca;
		};
/* End PBXContainerItemProxy section */

/* Begin PBXFileReference section */
		D3FAC8611A92E70400C7A964 /* BaresOaxaca.app */ = {isa = PBXFileReference; explicitFileType = wrapper.application; includeInIndex = 0; path = BaresOaxaca.app; sourceTree = BUILT_PRODUCTS_DIR; };
		D3FAC8651A92E70400C7A964 /* Info.plist */ = {isa = PBXFileReference; lastKnownFileType = text.plist.xml; path = Info.plist; sourceTree = "<group>"; };
		D3FAC8661A92E70400C7A964 /* main.m */ = {isa = PBXFileReference; lastKnownFileType = sourcecode.c.objc; path = main.m; sourceTree = "<group>"; };
		D3FAC8681A92E70400C7A964 /* AppDelegate.h */ = {isa = PBXFileReference; lastKnownFileType = sourcecode.c.h; path = AppDelegate.h; sourceTree = "<group>"; };
		D3FAC8691A92E70400C7A964 /* AppDelegate.m */ = {isa = PBXFileReference; lastKnownFileType = sourcecode.c.objc; path = AppDelegate.m; sourceTree = "<group>"; };
		D3FAC86B1A92E70400C7A964 /* ViewController.h */ = {isa = PBXFileReference; lastKnownFileType = sourcecode.c.h; path = ViewController.h; sourceTree = "<group>"; };
		D3FAC86C1A92E70400C7A964 /* ViewController.m */ = {isa = PBXFileReference; lastKnownFileType = sourcecode.c.objc; path = ViewController.m; sourceTree = "<group>"; };
		D3FAC86F1A92E70400C7A964 /* Base */ = {isa = PBXFileReference; lastKnownFileType = file.storyboard; name = Base; path = Base.lproj/Main.storyboard; sourceTree = "<group>"; };
		D3FAC8711A92E70400C7A964 /* Images.xcassets */ = {isa = PBXFileReference; lastKnownFileType = folder.assetcatalog; path = Images.xcassets; sourceTree = "<group>"; };
		D3FAC8741A92E70400C7A964 /* Base */ = {isa = PBXFileReference; lastKnownFileType = file.xib; name = Base; path = Base.lproj/LaunchScreen.xib; sourceTree = "<group>"; };
		D3FAC87A1A92E70400C7A964 /* BaresOaxacaTests.xctest */ = {isa = PBXFileReference; explicitFileType = wrapper.cfbundle; includeInIndex = 0; path = BaresOaxacaTests.xctest; sourceTree = BUILT_PRODUCTS_DIR; };
		D3FAC87F1A92E70400C7A964 /* Info.plist */ = {isa = PBXFileReference; lastKnownFileType = text.plist.xml; path = Info.plist; sourceTree = "<group>"; };
		D3FAC8801A92E70400C7A964 /* BaresOaxacaTests.m */ = {isa = PBXFileReference; lastKnownFileType = sourcecode.c.objc; path = BaresOaxacaTests.m; sourceTree = "<group>"; };
/* End PBXFileReference section */

/* Begin PBXFrameworksBuildPhase section */
		D3FAC85E1A92E70400C7A964 /* Frameworks */ = {
			isa = PBXFrameworksBuildPhase;
			buildActionMask = 2147483647;
			files = (
			);
			runOnlyForDeploymentPostprocessing = 0;
		};
		D3FAC8771A92E70400C7A964 /* Frameworks */ = {
			isa = PBXFrameworksBuildPhase;
			buildActionMask = 2147483647;
			files = (
			);
			runOnlyForDeploymentPostprocessing = 0;
		};
/* End PBXFrameworksBuildPhase section */

/* Begin PBXGroup section */
		D3FAC8581A92E70400C7A964 = {
			isa = PBXGroup;
			children = (
				D3FAC8631A92E70400C7A964 /* BaresOaxaca */,
				D3FAC87D1A92E70400C7A964 /* BaresOaxacaTests */,
				D3FAC8621A92E70400C7A964 /* Products */,
			);
			sourceTree = "<group>";
		};
		D3FAC8621A92E70400C7A964 /* Products */ = {
			isa = PBXGroup;
			children = (
				D3FAC8611A92E70400C7A964 /* BaresOaxaca.app */,
				D3FAC87A1A92E70400C7A964 /* BaresOaxacaTests.xctest */,
			);
			name = Products;
			sourceTree = "<group>";
		};
		D3FAC8631A92E70400C7A964 /* BaresOaxaca */ = {
			isa = PBXGroup;
			children = (
				D3FAC8681A92E70400C7A964 /* AppDelegate.h */,
				D3FAC8691A92E70400C7A964 /* AppDelegate.m */,
				D3FAC86B1A92E70400C7A964 /* ViewController.h */,
				D3FAC86C1A92E70400C7A964 /* ViewController.m */,
				D3FAC86E1A92E70400C7A964 /* Main.storyboard */,
				D3FAC8711A92E70400C7A964 /* Images.xcassets */,
				D3FAC8731A92E70400C7A964 /* LaunchScreen.xib */,
				D3FAC8641A92E70400C7A964 /* Supporting Files */,
			);
			path = BaresOaxaca;
			sourceTree = "<group>";
		};
		D3FAC8641A92E70400C7A964 /* Supporting Files */ = {
			isa = PBXGroup;
			children = (
				D3FAC8651A92E70400C7A964 /* Info.plist */,
				D3FAC8661A92E70400C7A964 /* main.m */,
			);
			name = "Supporting Files";
			sourceTree = "<group>";
		};
		D3FAC87D1A92E70400C7A964 /* BaresOaxacaTests */ = {
			isa = PBXGroup;
			children = (
				D3FAC8801A92E70400C7A964 /* BaresOaxacaTests.m */,
				D3FAC87E1A92E70400C7A964 /* Supporting Files */,
			);
			path = BaresOaxacaTests;
			sourceTree = "<group>";
		};
		D3FAC87E1A92E70400C7A964 /* Supporting Files */ = {
			isa = PBXGroup;
			children = (
				D3FAC87F1A92E70400C7A964 /* Info.plist */,
			);
			name = "Supporting Files";
			sourceTree = "<group>";
		};
/* End PBXGroup section */

/* Begin PBXNativeTarget section */
		D3FAC8601A92E70400C7A964 /* BaresOaxaca */ = {
			isa = PBXNativeTarget;
			buildConfigurationList = D3FAC8841A92E70400C7A964 /* Build configuration list for PBXNativeTarget "BaresOaxaca" */;
			buildPhases = (
				D3FAC85D1A92E70400C7A964 /* Sources */,
				D3FAC85E1A92E70400C7A964 /* Frameworks */,
				D3FAC85F1A92E70400C7A964 /* Resources */,
			);
			buildRules = (
			);
			dependencies = (
			);
			name = BaresOaxaca;
			productName = BaresOaxaca;
			productReference = D3FAC8611A92E70400C7A964 /* BaresOaxaca.app */;
			productType = "com.apple.product-type.application";
		};
		D3FAC8791A92E70400C7A964 /* BaresOaxacaTests */ = {
			isa = PBXNativeTarget;
			buildConfigurationList = D3FAC8871A92E70400C7A964 /* Build configuration list for PBXNativeTarget "BaresOaxacaTests" */;
			buildPhases = (
				D3FAC8761A92E70400C7A964 /* Sources */,
				D3FAC8771A92E70400C7A964 /* Frameworks */,
				D3FAC8781A92E70400C7A964 /* Resources */,
			);
			buildRules = (
			);
			dependencies = (
				D3FAC87C1A92E70400C7A964 /* PBXTargetDependency */,
			);
			name = BaresOaxacaTests;
			productName = BaresOaxacaTests;
			productReference = D3FAC87A1A92E70400C7A964 /* BaresOaxacaTests.xctest */;
			productType = "com.apple.product-type.bundle.unit-test";
		};
/* End PBXNativeTarget section */

/* Begin PBXProject section */
		D3FAC8591A92E70400C7A964 /* Project object */ = {
			isa = PBXProject;
			attributes = {
				LastUpgradeCheck = 0610;
				ORGANIZATIONNAME = AlbertoCorderoArellanes;
				TargetAttributes = {
					D3FAC8601A92E70400C7A964 = {
						CreatedOnToolsVersion = 6.1.1;
					};
					D3FAC8791A92E70400C7A964 = {
						CreatedOnToolsVersion = 6.1.1;
						TestTargetID = D3FAC8601A92E70400C7A964;
					};
				};
			};
			buildConfigurationList = D3FAC85C1A92E70400C7A964 /* Build configuration list for PBXProject "BaresOaxaca" */;
			compatibilityVersion = "Xcode 3.2";
			developmentRegion = English;
			hasScannedForEncodings = 0;
			knownRegions = (
				en,
				Base,
			);
			mainGroup = D3FAC8581A92E70400C7A964;
			productRefGroup = D3FAC8621A92E70400C7A964 /* Products */;
			projectDirPath = "";
			projectRoot = "";
			targets = (
				D3FAC8601A92E70400C7A964 /* BaresOaxaca */,
				D3FAC8791A92E70400C7A964 /* BaresOaxacaTests */,
			);
		};
/* End PBXProject section */

/* Begin PBXResourcesBuildPhase section */
		D3FAC85F1A92E70400C7A964 /* Resources */ = {
			isa = PBXResourcesBuildPhase;
			buildActionMask = 2147483647;
			files = (
				D3FAC8701A92E70400C7A964 /* Main.storyboard in Resources */,
				D3FAC8751A92E70400C7A964 /* LaunchScreen.xib in Resources */,
				D3FAC8721A92E70400C7A964 /* Images.xcassets in Resources */,
			);
			runOnlyForDeploymentPostprocessing = 0;
		};
		D3FAC8781A92E70400C7A964 /* Resources */ = {
			isa = PBXResourcesBuildPhase;
			buildActionMask = 2147483647;
			files = (
			);
			runOnlyForDeploymentPostprocessing = 0;
		};
/* End PBXResourcesBuildPhase section */

/* Begin PBXSourcesBuildPhase section */
		D3FAC85D1A92E70400C7A964 /* Sources */ = {
			isa = PBXSourcesBuildPhase;
			buildActionMask = 2147483647;
			files = (
				D3FAC86D1A92E70400C7A964 /* ViewController.m in Sources */,
				D3FAC86A1A92E70400C7A964 /* AppDelegate.m in Sources */,
				D3FAC8671A92E70400C7A964 /* main.m in Sources */,
			);
			runOnlyForDeploymentPostprocessing = 0;
		};
		D3FAC8761A92E70400C7A964 /* Sources */ = {
			isa = PBXSourcesBuildPhase;
			buildActionMask = 2147483647;
			files = (
				D3FAC8811A92E70400C7A964 /* BaresOaxacaTests.m in Sources */,
			);
			runOnlyForDeploymentPostprocessing = 0;
		};
/* End PBXSourcesBuildPhase section */

/* Begin PBXTargetDependency section */
		D3FAC87C1A92E70400C7A964 /* PBXTargetDependency */ = {
			isa = PBXTargetDependency;
			target = D3FAC8601A92E70400C7A964 /* BaresOaxaca */;
			targetProxy = D3FAC87B1A92E70400C7A964 /* PBXContainerItemProxy */;
		};
/* End PBXTargetDependency section */

/* Begin PBXVariantGroup section */
		D3FAC86E1A92E70400C7A964 /* Main.storyboard */ = {
			isa = PBXVariantGroup;
			children = (
				D3FAC86F1A92E70400C7A964 /* Base */,
			);
			name = Main.storyboard;
			sourceTree = "<group>";
		};
		D3FAC8731A92E70400C7A964 /* LaunchScreen.xib */ = {
			isa = PBXVariantGroup;
			children = (
				D3FAC8741A92E70400C7A964 /* Base */,
			);
			name = LaunchScreen.xib;
			sourceTree = "<group>";
		};
/* End PBXVariantGroup section */

/* Begin XCBuildConfiguration section */
		D3FAC8821A92E70400C7A964 /* Debug */ = {
			isa = XCBuildConfiguration;
			buildSettings = {
				ALWAYS_SEARCH_USER_PATHS = NO;
				CLANG_CXX_LANGUAGE_STANDARD = "gnu++0x";
				CLANG_CXX_LIBRARY = "libc++";
				CLANG_ENABLE_MODULES = YES;
				CLANG_ENABLE_OBJC_ARC = YES;
				CLANG_WARN_BOOL_CONVERSION = YES;
				CLANG_WARN_CONSTANT_CONVERSION = YES;
				CLANG_WARN_DIRECT_OBJC_ISA_USAGE = YES_ERROR;
				CLANG_WARN_EMPTY_BODY = YES;
				CLANG_WARN_ENUM_CONVERSION = YES;
				CLANG_WARN_INT_CONVERSION = YES;
				CLANG_WARN_OBJC_ROOT_CLASS = YES_ERROR;
				CLANG_WARN_UNREACHABLE_CODE = YES;
				CLANG_WARN__DUPLICATE_METHOD_MATCH = YES;
				"CODE_SIGN_IDENTITY[sdk=iphoneos*]" = "iPhone Developer";
				COPY_PHASE_STRIP = NO;
				ENABLE_STRICT_OBJC_MSGSEND = YES;
				GCC_C_LANGUAGE_STANDARD = gnu99;
				GCC_DYNAMIC_NO_PIC = NO;
				GCC_OPTIMIZATION_LEVEL = 0;
				GCC_PREPROCESSOR_DEFINITIONS = (
					"DEBUG=1",
					"$(inherited)",
				);
				GCC_SYMBOLS_PRIVATE_EXTERN = NO;
				GCC_WARN_64_TO_32_BIT_CONVERSION = YES;
				GCC_WARN_ABOUT_RETURN_TYPE = YES_ERROR;
				GCC_WARN_UNDECLARED_SELECTOR = YES;
				GCC_WARN_UNINITIALIZED_AUTOS = YES_AGGRESSIVE;
				GCC_WARN_UNUSED_FUNCTION = YES;
				GCC_WARN_UNUSED_VARIABLE = YES;
				IPHONEOS_DEPLOYMENT_TARGET = 8.1;
				MTL_ENABLE_DEBUG_INFO = YES;
				ONLY_ACTIVE_ARCH = YES;
				SDKROOT = iphoneos;
				TARGETED_DEVICE_FAMILY = "1,2";
			};
			name = Debug;
		};
		D3FAC8831A92E70400C7A964 /* Release */ = {
			isa = XCBuildConfiguration;
			buildSettings = {
				ALWAYS_SEARCH_USER_PATHS = NO;
				CLANG_CXX_LANGUAGE_STANDARD = "gnu++0x";
				CLANG_CXX_LIBRARY = "libc++";
				CLANG_ENABLE_MODULES = YES;
				CLANG_ENABLE_OBJC_ARC = YES;
				CLANG_WARN_BOOL_CONVERSION = YES;
				CLANG_WARN_CONSTANT_CONVERSION = YES;
				CLANG_WARN_DIRECT_OBJC_ISA_USAGE = YES_ERROR;
				CLANG_WARN_EMPTY_BODY = YES;
				CLANG_WARN_ENUM_CONVERSION = YES;
				CLANG_WARN_INT_CONVERSION = YES;
				CLANG_WARN_OBJC_ROOT_CLASS = YES_ERROR;
				CLANG_WARN_UNREACHABLE_CODE = YES;
				CLANG_WARN__DUPLICATE_METHOD_MATCH = YES;
				"CODE_SIGN_IDENTITY[sdk=iphoneos*]" = "iPhone Developer";
				COPY_PHASE_STRIP = YES;
				ENABLE_NS_ASSERTIONS = NO;
				ENABLE_STRICT_OBJC_MSGSEND = YES;
				GCC_C_LANGUAGE_STANDARD = gnu99;
				GCC_WARN_64_TO_32_BIT_CONVERSION = YES;
				GCC_WARN_ABOUT_RETURN_TYPE = YES_ERROR;
				GCC_WARN_UNDECLARED_SELECTOR = YES;
				GCC_WARN_UNINITIALIZED_AUTOS = YES_AGGRESSIVE;
				GCC_WARN_UNUSED_FUNCTION = YES;
				GCC_WARN_UNUSED_VARIABLE = YES;
				IPHONEOS_DEPLOYMENT_TARGET = 8.1;
				MTL_ENABLE_DEBUG_INFO = NO;
				SDKROOT = iphoneos;
				TARGETED_DEVICE_FAMILY = "1,2";
				VALIDATE_PRODUCT = YES;
			};
			name = Release;
		};
		D3FAC8851A92E70400C7A964 /* Debug */ = {
			isa = XCBuildConfiguration;
			buildSettings = {
				ASSETCATALOG_COMPILER_APPICON_NAME = AppIcon;
				INFOPLIST_FILE = BaresOaxaca/Info.plist;
				LD_RUNPATH_SEARCH_PATHS = "$(inherited) @executable_path/Frameworks";
				PRODUCT_NAME = "$(TARGET_NAME)";
			};
			name = Debug;
		};
		D3FAC8861A92E70400C7A964 /* Release */ = {
			isa = XCBuildConfiguration;
			buildSettings = {
				ASSETCATALOG_COMPILER_APPICON_NAME = AppIcon;
				INFOPLIST_FILE = BaresOaxaca/Info.plist;
				LD_RUNPATH_SEARCH_PATHS = "$(inherited) @executable_path/Frameworks";
				PRODUCT_NAME = "$(TARGET_NAME)";
			};
			name = Release;
		};
		D3FAC8881A92E70400C7A964 /* Debug */ = {
			isa = XCBuildConfiguration;
			buildSettings = {
				BUNDLE_LOADER = "$(TEST_HOST)";
				FRAMEWORK_SEARCH_PATHS = (
					"$(SDKROOT)/Developer/Library/Frameworks",
					"$(inherited)",
				);
				GCC_PREPROCESSOR_DEFINITIONS = (
					"DEBUG=1",
					"$(inherited)",
				);
				INFOPLIST_FILE = BaresOaxacaTests/Info.plist;
				LD_RUNPATH_SEARCH_PATHS = "$(inherited) @executable_path/Frameworks @loader_path/Frameworks";
				PRODUCT_NAME = "$(TARGET_NAME)";
				TEST_HOST = "$(BUILT_PRODUCTS_DIR)/BaresOaxaca.app/BaresOaxaca";
			};
			name = Debug;
		};
		D3FAC8891A92E70400C7A964 /* Release */ = {
			isa = XCBuildConfiguration;
			buildSettings = {
				BUNDLE_LOADER = "$(TEST_HOST)";
				FRAMEWORK_SEARCH_PATHS = (
					"$(SDKROOT)/Developer/Library/Frameworks",
					"$(inherited)",
				);
				INFOPLIST_FILE = BaresOaxacaTests/Info.plist;
				LD_RUNPATH_SEARCH_PATHS = "$(inherited) @executable_path/Frameworks @loader_path/Frameworks";
				PRODUCT_NAME = "$(TARGET_NAME)";
				TEST_HOST = "$(BUILT_PRODUCTS_DIR)/BaresOaxaca.app/BaresOaxaca";
			};
			name = Release;
		};
/* End XCBuildConfiguration section */

/* Begin XCConfigurationList section */
		D3FAC85C1A92E70400C7A964 /* Build configuration list for PBXProject "BaresOaxaca" */ = {
			isa = XCConfigurationList;
			buildConfigurations = (
				D3FAC8821A92E70400C7A964 /* Debug */,
				D3FAC8831A92E70400C7A964 /* Release */,
			);
			defaultConfigurationIsVisible = 0;
			defaultConfigurationName = Release;
		};
		D3FAC8841A92E70400C7A964 /* Build configuration list for PBXNativeTarget "BaresOaxaca" */ = {
			isa = XCConfigurationList;
			buildConfigurations = (
				D3FAC8851A92E70400C7A964 /* Debug */,
				D3FAC8861A92E70400C7A964 /* Release */,
			);
			defaultConfigurationIsVisible = 0;
		};
		D3FAC8871A92E70400C7A964 /* Build configuration list for PBXNativeTarget "BaresOaxacaTests" */ = {
			isa = XCConfigurationList;
			buildConfigurations = (
				D3FAC8881A92E70400C7A964 /* Debug */,
				D3FAC8891A92E70400C7A964 /* Release */,
			);
			defaultConfigurationIsVisible = 0;
		};
/* End XCConfigurationList section */
	};
	rootObject = D3FAC8591A92E70400C7A964 /* Project object */;
}
