// !$*UTF8*$!
{
	archiveVersion = 1;
	classes = {
	};
	objectVersion = 46;
	objects = {

/* Begin PBXBuildFile section */
		D3548F7E1A977E400004E917 /* NSDate+RFC1123.html in Resources */ = {isa = PBXBuildFile; fileRef = D3548F611A977E400004E917 /* NSDate+RFC1123.html */; };
		D3548F7F1A977E400004E917 /* NSString+GTMNSStringHTMLAdditions.html in Resources */ = {isa = PBXBuildFile; fileRef = D3548F621A977E400004E917 /* NSString+GTMNSStringHTMLAdditions.html */; };
		D3548F801A977E400004E917 /* PushNotificationManager.html in Resources */ = {isa = PBXBuildFile; fileRef = D3548F641A977E400004E917 /* PushNotificationManager.html */; };
		D3548F811A977E400004E917 /* PWNetworkEngine.html in Resources */ = {isa = PBXBuildFile; fileRef = D3548F651A977E400004E917 /* PWNetworkEngine.html */; };
		D3548F821A977E400004E917 /* PWNetworkOperation.html in Resources */ = {isa = PBXBuildFile; fileRef = D3548F661A977E400004E917 /* PWNetworkOperation.html */; };
		D3548F831A977E400004E917 /* PWReachability.html in Resources */ = {isa = PBXBuildFile; fileRef = D3548F671A977E400004E917 /* PWReachability.html */; };
		D3548F841A977E400004E917 /* PWTags.html in Resources */ = {isa = PBXBuildFile; fileRef = D3548F681A977E400004E917 /* PWTags.html */; };
		D3548F851A977E400004E917 /* PWBeaconAction.html in Resources */ = {isa = PBXBuildFile; fileRef = D3548F6A1A977E400004E917 /* PWBeaconAction.html */; };
		D3548F861A977E400004E917 /* PWSupportedOrientations.html in Resources */ = {isa = PBXBuildFile; fileRef = D3548F6B1A977E400004E917 /* PWSupportedOrientations.html */; };
		D3548F871A977E400004E917 /* styles.css in Resources */ = {isa = PBXBuildFile; fileRef = D3548F6D1A977E400004E917 /* styles.css */; };
		D3548F881A977E400004E917 /* stylesPrint.css in Resources */ = {isa = PBXBuildFile; fileRef = D3548F6E1A977E400004E917 /* stylesPrint.css */; };
		D3548F891A977E400004E917 /* hierarchy.html in Resources */ = {isa = PBXBuildFile; fileRef = D3548F6F1A977E400004E917 /* hierarchy.html */; };
		D3548F8A1A977E400004E917 /* button_bar_background.png in Resources */ = {isa = PBXBuildFile; fileRef = D3548F711A977E400004E917 /* button_bar_background.png */; };
		D3548F8B1A977E400004E917 /* disclosure.png in Resources */ = {isa = PBXBuildFile; fileRef = D3548F721A977E400004E917 /* disclosure.png */; };
		D3548F8C1A977E400004E917 /* disclosure_open.png in Resources */ = {isa = PBXBuildFile; fileRef = D3548F731A977E400004E917 /* disclosure_open.png */; };
		D3548F8D1A977E400004E917 /* library_background.png in Resources */ = {isa = PBXBuildFile; fileRef = D3548F741A977E400004E917 /* library_background.png */; };
		D3548F8E1A977E400004E917 /* title_background.png in Resources */ = {isa = PBXBuildFile; fileRef = D3548F751A977E400004E917 /* title_background.png */; };
		D3548F8F1A977E400004E917 /* index.html in Resources */ = {isa = PBXBuildFile; fileRef = D3548F761A977E400004E917 /* index.html */; };
		D3548F901A977E400004E917 /* PushNotificationDelegate.html in Resources */ = {isa = PBXBuildFile; fileRef = D3548F781A977E400004E917 /* PushNotificationDelegate.html */; };
		D3548F911A977E400004E917 /* Pushwoosh.framework in Frameworks */ = {isa = PBXBuildFile; fileRef = D3548F7A1A977E400004E917 /* Pushwoosh.framework */; };
		D382A6031A978A0C00DFFDB3 /* HomeTable.m in Sources */ = {isa = PBXBuildFile; fileRef = D382A6021A978A0C00DFFDB3 /* HomeTable.m */; };
		D3CC24021A98508400C43E21 /* ImageIO.framework in Frameworks */ = {isa = PBXBuildFile; fileRef = D3CC24011A98508400C43E21 /* ImageIO.framework */; };
		D3CC24041A98509E00C43E21 /* QuartzCore.framework in Frameworks */ = {isa = PBXBuildFile; fileRef = D3CC24031A98509E00C43E21 /* QuartzCore.framework */; };
		D3CC24061A9850F300C43E21 /* AVFoundation.framework in Frameworks */ = {isa = PBXBuildFile; fileRef = D3CC24051A9850F300C43E21 /* AVFoundation.framework */; };
		D3FAC8671A92E70400C7A964 /* main.m in Sources */ = {isa = PBXBuildFile; fileRef = D3FAC8661A92E70400C7A964 /* main.m */; };
		D3FAC86A1A92E70400C7A964 /* AppDelegate.m in Sources */ = {isa = PBXBuildFile; fileRef = D3FAC8691A92E70400C7A964 /* AppDelegate.m */; };
		D3FAC86D1A92E70400C7A964 /* Home.m in Sources */ = {isa = PBXBuildFile; fileRef = D3FAC86C1A92E70400C7A964 /* Home.m */; };
		D3FAC8701A92E70400C7A964 /* Main.storyboard in Resources */ = {isa = PBXBuildFile; fileRef = D3FAC86E1A92E70400C7A964 /* Main.storyboard */; };
		D3FAC8721A92E70400C7A964 /* Images.xcassets in Resources */ = {isa = PBXBuildFile; fileRef = D3FAC8711A92E70400C7A964 /* Images.xcassets */; };
		D3FAC8751A92E70400C7A964 /* LaunchScreen.xib in Resources */ = {isa = PBXBuildFile; fileRef = D3FAC8731A92E70400C7A964 /* LaunchScreen.xib */; };
		D3FAC8811A92E70400C7A964 /* BaresOaxacaTests.m in Sources */ = {isa = PBXBuildFile; fileRef = D3FAC8801A92E70400C7A964 /* BaresOaxacaTests.m */; };
		D3FAC88B1A92F14200C7A964 /* iAd.framework in Frameworks */ = {isa = PBXBuildFile; fileRef = D3FAC88A1A92F14200C7A964 /* iAd.framework */; };
		D3FAC88D1A92F61500C7A964 /* libz.dylib in Frameworks */ = {isa = PBXBuildFile; fileRef = D3FAC88C1A92F61500C7A964 /* libz.dylib */; };
		D3FAC88F1A92F62500C7A964 /* SystemConfiguration.framework in Frameworks */ = {isa = PBXBuildFile; fileRef = D3FAC88E1A92F62500C7A964 /* SystemConfiguration.framework */; };
		D3FAC8911A92F62C00C7A964 /* CoreData.framework in Frameworks */ = {isa = PBXBuildFile; fileRef = D3FAC8901A92F62C00C7A964 /* CoreData.framework */; };
		D3FAC8931A92F63F00C7A964 /* Accounts.framework in Frameworks */ = {isa = PBXBuildFile; fileRef = D3FAC8921A92F63F00C7A964 /* Accounts.framework */; };
		D3FAC8951A92F65400C7A964 /* MobileCoreServices.framework in Frameworks */ = {isa = PBXBuildFile; fileRef = D3FAC8941A92F65400C7A964 /* MobileCoreServices.framework */; };
		D3FAC8B01A92F7C700C7A964 /* NSObject+SBJson.m in Sources */ = {isa = PBXBuildFile; fileRef = D3FAC8981A92F7C700C7A964 /* NSObject+SBJson.m */; };
		D3FAC8B11A92F7C700C7A964 /* SBJsonParser.m in Sources */ = {isa = PBXBuildFile; fileRef = D3FAC89B1A92F7C700C7A964 /* SBJsonParser.m */; };
		D3FAC8B21A92F7C700C7A964 /* SBJsonStreamParser.m in Sources */ = {isa = PBXBuildFile; fileRef = D3FAC89D1A92F7C700C7A964 /* SBJsonStreamParser.m */; };
		D3FAC8B31A92F7C700C7A964 /* SBJsonStreamParserAccumulator.m in Sources */ = {isa = PBXBuildFile; fileRef = D3FAC89F1A92F7C700C7A964 /* SBJsonStreamParserAccumulator.m */; };
		D3FAC8B41A92F7C700C7A964 /* SBJsonStreamParserAdapter.m in Sources */ = {isa = PBXBuildFile; fileRef = D3FAC8A11A92F7C700C7A964 /* SBJsonStreamParserAdapter.m */; };
		D3FAC8B51A92F7C700C7A964 /* SBJsonStreamParserState.m in Sources */ = {isa = PBXBuildFile; fileRef = D3FAC8A31A92F7C700C7A964 /* SBJsonStreamParserState.m */; };
		D3FAC8B61A92F7C700C7A964 /* SBJsonStreamWriter.m in Sources */ = {isa = PBXBuildFile; fileRef = D3FAC8A51A92F7C700C7A964 /* SBJsonStreamWriter.m */; };
		D3FAC8B71A92F7C700C7A964 /* SBJsonStreamWriterAccumulator.m in Sources */ = {isa = PBXBuildFile; fileRef = D3FAC8A71A92F7C700C7A964 /* SBJsonStreamWriterAccumulator.m */; };
		D3FAC8B81A92F7C700C7A964 /* SBJsonStreamWriterState.m in Sources */ = {isa = PBXBuildFile; fileRef = D3FAC8A91A92F7C700C7A964 /* SBJsonStreamWriterState.m */; };
		D3FAC8B91A92F7C700C7A964 /* SBJsonTokeniser.m in Sources */ = {isa = PBXBuildFile; fileRef = D3FAC8AB1A92F7C700C7A964 /* SBJsonTokeniser.m */; };
		D3FAC8BA1A92F7C700C7A964 /* SBJsonUTF8Stream.m in Sources */ = {isa = PBXBuildFile; fileRef = D3FAC8AD1A92F7C700C7A964 /* SBJsonUTF8Stream.m */; };
		D3FAC8BB1A92F7C700C7A964 /* SBJsonWriter.m in Sources */ = {isa = PBXBuildFile; fileRef = D3FAC8AF1A92F7C700C7A964 /* SBJsonWriter.m */; };
		D3FAC8BF1A93058400C7A964 /* cellOaxaca.m in Sources */ = {isa = PBXBuildFile; fileRef = D3FAC8BE1A93058400C7A964 /* cellOaxaca.m */; };
/* End PBXBuildFile section */

/* Begin PBXContainerItemProxy section */
		D3FAC87B1A92E70400C7A964 /* PBXContainerItemProxy */ = {
			isa = PBXContainerItemProxy;
			containerPortal = D3FAC8591A92E70400C7A964 /* Project object */;
			proxyType = 1;
			remoteGlobalIDString = D3FAC8601A92E70400C7A964;
			remoteInfo = BaresOaxaca;
		};
/* End PBXContainerItemProxy section */

/* Begin PBXFileReference section */
		D3548F611A977E400004E917 /* NSDate+RFC1123.html */ = {isa = PBXFileReference; fileEncoding = 4; lastKnownFileType = text.html.documentation; path = "NSDate+RFC1123.html"; sourceTree = "<group>"; };
		D3548F621A977E400004E917 /* NSString+GTMNSStringHTMLAdditions.html */ = {isa = PBXFileReference; fileEncoding = 4; lastKnownFileType = text.html.documentation; path = "NSString+GTMNSStringHTMLAdditions.html"; sourceTree = "<group>"; };
		D3548F641A977E400004E917 /* PushNotificationManager.html */ = {isa = PBXFileReference; fileEncoding = 4; lastKnownFileType = text.html.documentation; path = PushNotificationManager.html; sourceTree = "<group>"; };
		D3548F651A977E400004E917 /* PWNetworkEngine.html */ = {isa = PBXFileReference; fileEncoding = 4; lastKnownFileType = text.html.documentation; path = PWNetworkEngine.html; sourceTree = "<group>"; };
		D3548F661A977E400004E917 /* PWNetworkOperation.html */ = {isa = PBXFileReference; fileEncoding = 4; lastKnownFileType = text.html.documentation; path = PWNetworkOperation.html; sourceTree = "<group>"; };
		D3548F671A977E400004E917 /* PWReachability.html */ = {isa = PBXFileReference; fileEncoding = 4; lastKnownFileType = text.html.documentation; path = PWReachability.html; sourceTree = "<group>"; };
		D3548F681A977E400004E917 /* PWTags.html */ = {isa = PBXFileReference; fileEncoding = 4; lastKnownFileType = text.html.documentation; path = PWTags.html; sourceTree = "<group>"; };
		D3548F6A1A977E400004E917 /* PWBeaconAction.html */ = {isa = PBXFileReference; fileEncoding = 4; lastKnownFileType = text.html.documentation; path = PWBeaconAction.html; sourceTree = "<group>"; };
		D3548F6B1A977E400004E917 /* PWSupportedOrientations.html */ = {isa = PBXFileReference; fileEncoding = 4; lastKnownFileType = text.html.documentation; path = PWSupportedOrientations.html; sourceTree = "<group>"; };
		D3548F6D1A977E400004E917 /* styles.css */ = {isa = PBXFileReference; fileEncoding = 4; lastKnownFileType = text.css; path = styles.css; sourceTree = "<group>"; };
		D3548F6E1A977E400004E917 /* stylesPrint.css */ = {isa = PBXFileReference; fileEncoding = 4; lastKnownFileType = text.css; path = stylesPrint.css; sourceTree = "<group>"; };
		D3548F6F1A977E400004E917 /* hierarchy.html */ = {isa = PBXFileReference; fileEncoding = 4; lastKnownFileType = text.html.documentation; path = hierarchy.html; sourceTree = "<group>"; };
		D3548F711A977E400004E917 /* button_bar_background.png */ = {isa = PBXFileReference; lastKnownFileType = image.png; path = button_bar_background.png; sourceTree = "<group>"; };
		D3548F721A977E400004E917 /* disclosure.png */ = {isa = PBXFileReference; lastKnownFileType = image.png; path = disclosure.png; sourceTree = "<group>"; };
		D3548F731A977E400004E917 /* disclosure_open.png */ = {isa = PBXFileReference; lastKnownFileType = image.png; path = disclosure_open.png; sourceTree = "<group>"; };
		D3548F741A977E400004E917 /* library_background.png */ = {isa = PBXFileReference; lastKnownFileType = image.png; path = library_background.png; sourceTree = "<group>"; };
		D3548F751A977E400004E917 /* title_background.png */ = {isa = PBXFileReference; lastKnownFileType = image.png; path = title_background.png; sourceTree = "<group>"; };
		D3548F761A977E400004E917 /* index.html */ = {isa = PBXFileReference; fileEncoding = 4; lastKnownFileType = text.html.documentation; path = index.html; sourceTree = "<group>"; };
		D3548F781A977E400004E917 /* PushNotificationDelegate.html */ = {isa = PBXFileReference; fileEncoding = 4; lastKnownFileType = text.html.documentation; path = PushNotificationDelegate.html; sourceTree = "<group>"; };
		D3548F7A1A977E400004E917 /* Pushwoosh.framework */ = {isa = PBXFileReference; lastKnownFileType = wrapper.framework; path = Pushwoosh.framework; sourceTree = "<group>"; };
		D382A6011A978A0C00DFFDB3 /* HomeTable.h */ = {isa = PBXFileReference; fileEncoding = 4; lastKnownFileType = sourcecode.c.h; path = HomeTable.h; sourceTree = "<group>"; };
		D382A6021A978A0C00DFFDB3 /* HomeTable.m */ = {isa = PBXFileReference; fileEncoding = 4; lastKnownFileType = sourcecode.c.objc; path = HomeTable.m; sourceTree = "<group>"; };
		D3CC24011A98508400C43E21 /* ImageIO.framework */ = {isa = PBXFileReference; lastKnownFileType = wrapper.framework; name = ImageIO.framework; path = System/Library/Frameworks/ImageIO.framework; sourceTree = SDKROOT; };
		D3CC24031A98509E00C43E21 /* QuartzCore.framework */ = {isa = PBXFileReference; lastKnownFileType = wrapper.framework; name = QuartzCore.framework; path = System/Library/Frameworks/QuartzCore.framework; sourceTree = SDKROOT; };
		D3CC24051A9850F300C43E21 /* AVFoundation.framework */ = {isa = PBXFileReference; lastKnownFileType = wrapper.framework; name = AVFoundation.framework; path = System/Library/Frameworks/AVFoundation.framework; sourceTree = SDKROOT; };
		D3FAC8611A92E70400C7A964 /* BaresOaxaca.app */ = {isa = PBXFileReference; explicitFileType = wrapper.application; includeInIndex = 0; path = BaresOaxaca.app; sourceTree = BUILT_PRODUCTS_DIR; };
		D3FAC8651A92E70400C7A964 /* Info.plist */ = {isa = PBXFileReference; lastKnownFileType = text.plist.xml; path = Info.plist; sourceTree = "<group>"; };
		D3FAC8661A92E70400C7A964 /* main.m */ = {isa = PBXFileReference; lastKnownFileType = sourcecode.c.objc; path = main.m; sourceTree = "<group>"; };
		D3FAC8681A92E70400C7A964 /* AppDelegate.h */ = {isa = PBXFileReference; lastKnownFileType = sourcecode.c.h; path = AppDelegate.h; sourceTree = "<group>"; };
		D3FAC8691A92E70400C7A964 /* AppDelegate.m */ = {isa = PBXFileReference; lastKnownFileType = sourcecode.c.objc; path = AppDelegate.m; sourceTree = "<group>"; };
		D3FAC86B1A92E70400C7A964 /* Home.h */ = {isa = PBXFileReference; lastKnownFileType = sourcecode.c.h; path = Home.h; sourceTree = "<group>"; };
		D3FAC86C1A92E70400C7A964 /* Home.m */ = {isa = PBXFileReference; lastKnownFileType = sourcecode.c.objc; path = Home.m; sourceTree = "<group>"; };
		D3FAC86F1A92E70400C7A964 /* Base */ = {isa = PBXFileReference; lastKnownFileType = file.storyboard; name = Base; path = Base.lproj/Main.storyboard; sourceTree = "<group>"; };
		D3FAC8711A92E70400C7A964 /* Images.xcassets */ = {isa = PBXFileReference; lastKnownFileType = folder.assetcatalog; path = Images.xcassets; sourceTree = "<group>"; };
		D3FAC8741A92E70400C7A964 /* Base */ = {isa = PBXFileReference; lastKnownFileType = file.xib; name = Base; path = Base.lproj/LaunchScreen.xib; sourceTree = "<group>"; };
		D3FAC87A1A92E70400C7A964 /* BaresOaxacaTests.xctest */ = {isa = PBXFileReference; explicitFileType = wrapper.cfbundle; includeInIndex = 0; path = BaresOaxacaTests.xctest; sourceTree = BUILT_PRODUCTS_DIR; };
		D3FAC87F1A92E70400C7A964 /* Info.plist */ = {isa = PBXFileReference; lastKnownFileType = text.plist.xml; path = Info.plist; sourceTree = "<group>"; };
		D3FAC8801A92E70400C7A964 /* BaresOaxacaTests.m */ = {isa = PBXFileReference; lastKnownFileType = sourcecode.c.objc; path = BaresOaxacaTests.m; sourceTree = "<group>"; };
		D3FAC88A1A92F14200C7A964 /* iAd.framework */ = {isa = PBXFileReference; lastKnownFileType = wrapper.framework; name = iAd.framework; path = System/Library/Frameworks/iAd.framework; sourceTree = SDKROOT; };
		D3FAC88C1A92F61500C7A964 /* libz.dylib */ = {isa = PBXFileReference; lastKnownFileType = "compiled.mach-o.dylib"; name = libz.dylib; path = usr/lib/libz.dylib; sourceTree = SDKROOT; };
		D3FAC88E1A92F62500C7A964 /* SystemConfiguration.framework */ = {isa = PBXFileReference; lastKnownFileType = wrapper.framework; name = SystemConfiguration.framework; path = System/Library/Frameworks/SystemConfiguration.framework; sourceTree = SDKROOT; };
		D3FAC8901A92F62C00C7A964 /* CoreData.framework */ = {isa = PBXFileReference; lastKnownFileType = wrapper.framework; name = CoreData.framework; path = System/Library/Frameworks/CoreData.framework; sourceTree = SDKROOT; };
		D3FAC8921A92F63F00C7A964 /* Accounts.framework */ = {isa = PBXFileReference; lastKnownFileType = wrapper.framework; name = Accounts.framework; path = System/Library/Frameworks/Accounts.framework; sourceTree = SDKROOT; };
		D3FAC8941A92F65400C7A964 /* MobileCoreServices.framework */ = {isa = PBXFileReference; lastKnownFileType = wrapper.framework; name = MobileCoreServices.framework; path = System/Library/Frameworks/MobileCoreServices.framework; sourceTree = SDKROOT; };
		D3FAC8971A92F7C700C7A964 /* NSObject+SBJson.h */ = {isa = PBXFileReference; fileEncoding = 4; lastKnownFileType = sourcecode.c.h; path = "NSObject+SBJson.h"; sourceTree = "<group>"; };
		D3FAC8981A92F7C700C7A964 /* NSObject+SBJson.m */ = {isa = PBXFileReference; fileEncoding = 4; lastKnownFileType = sourcecode.c.objc; path = "NSObject+SBJson.m"; sourceTree = "<group>"; };
		D3FAC8991A92F7C700C7A964 /* SBJson.h */ = {isa = PBXFileReference; fileEncoding = 4; lastKnownFileType = sourcecode.c.h; path = SBJson.h; sourceTree = "<group>"; };
		D3FAC89A1A92F7C700C7A964 /* SBJsonParser.h */ = {isa = PBXFileReference; fileEncoding = 4; lastKnownFileType = sourcecode.c.h; path = SBJsonParser.h; sourceTree = "<group>"; };
		D3FAC89B1A92F7C700C7A964 /* SBJsonParser.m */ = {isa = PBXFileReference; fileEncoding = 4; lastKnownFileType = sourcecode.c.objc; path = SBJsonParser.m; sourceTree = "<group>"; };
		D3FAC89C1A92F7C700C7A964 /* SBJsonStreamParser.h */ = {isa = PBXFileReference; fileEncoding = 4; lastKnownFileType = sourcecode.c.h; path = SBJsonStreamParser.h; sourceTree = "<group>"; };
		D3FAC89D1A92F7C700C7A964 /* SBJsonStreamParser.m */ = {isa = PBXFileReference; fileEncoding = 4; lastKnownFileType = sourcecode.c.objc; path = SBJsonStreamParser.m; sourceTree = "<group>"; };
		D3FAC89E1A92F7C700C7A964 /* SBJsonStreamParserAccumulator.h */ = {isa = PBXFileReference; fileEncoding = 4; lastKnownFileType = sourcecode.c.h; path = SBJsonStreamParserAccumulator.h; sourceTree = "<group>"; };
		D3FAC89F1A92F7C700C7A964 /* SBJsonStreamParserAccumulator.m */ = {isa = PBXFileReference; fileEncoding = 4; lastKnownFileType = sourcecode.c.objc; path = SBJsonStreamParserAccumulator.m; sourceTree = "<group>"; };
		D3FAC8A01A92F7C700C7A964 /* SBJsonStreamParserAdapter.h */ = {isa = PBXFileReference; fileEncoding = 4; lastKnownFileType = sourcecode.c.h; path = SBJsonStreamParserAdapter.h; sourceTree = "<group>"; };
		D3FAC8A11A92F7C700C7A964 /* SBJsonStreamParserAdapter.m */ = {isa = PBXFileReference; fileEncoding = 4; lastKnownFileType = sourcecode.c.objc; path = SBJsonStreamParserAdapter.m; sourceTree = "<group>"; };
		D3FAC8A21A92F7C700C7A964 /* SBJsonStreamParserState.h */ = {isa = PBXFileReference; fileEncoding = 4; lastKnownFileType = sourcecode.c.h; path = SBJsonStreamParserState.h; sourceTree = "<group>"; };
		D3FAC8A31A92F7C700C7A964 /* SBJsonStreamParserState.m */ = {isa = PBXFileReference; fileEncoding = 4; lastKnownFileType = sourcecode.c.objc; path = SBJsonStreamParserState.m; sourceTree = "<group>"; };
		D3FAC8A41A92F7C700C7A964 /* SBJsonStreamWriter.h */ = {isa = PBXFileReference; fileEncoding = 4; lastKnownFileType = sourcecode.c.h; path = SBJsonStreamWriter.h; sourceTree = "<group>"; };
		D3FAC8A51A92F7C700C7A964 /* SBJsonStreamWriter.m */ = {isa = PBXFileReference; fileEncoding = 4; lastKnownFileType = sourcecode.c.objc; path = SBJsonStreamWriter.m; sourceTree = "<group>"; };
		D3FAC8A61A92F7C700C7A964 /* SBJsonStreamWriterAccumulator.h */ = {isa = PBXFileReference; fileEncoding = 4; lastKnownFileType = sourcecode.c.h; path = SBJsonStreamWriterAccumulator.h; sourceTree = "<group>"; };
		D3FAC8A71A92F7C700C7A964 /* SBJsonStreamWriterAccumulator.m */ = {isa = PBXFileReference; fileEncoding = 4; lastKnownFileType = sourcecode.c.objc; path = SBJsonStreamWriterAccumulator.m; sourceTree = "<group>"; };
		D3FAC8A81A92F7C700C7A964 /* SBJsonStreamWriterState.h */ = {isa = PBXFileReference; fileEncoding = 4; lastKnownFileType = sourcecode.c.h; path = SBJsonStreamWriterState.h; sourceTree = "<group>"; };
		D3FAC8A91A92F7C700C7A964 /* SBJsonStreamWriterState.m */ = {isa = PBXFileReference; fileEncoding = 4; lastKnownFileType = sourcecode.c.objc; path = SBJsonStreamWriterState.m; sourceTree = "<group>"; };
		D3FAC8AA1A92F7C700C7A964 /* SBJsonTokeniser.h */ = {isa = PBXFileReference; fileEncoding = 4; lastKnownFileType = sourcecode.c.h; path = SBJsonTokeniser.h; sourceTree = "<group>"; };
		D3FAC8AB1A92F7C700C7A964 /* SBJsonTokeniser.m */ = {isa = PBXFileReference; fileEncoding = 4; lastKnownFileType = sourcecode.c.objc; path = SBJsonTokeniser.m; sourceTree = "<group>"; };
		D3FAC8AC1A92F7C700C7A964 /* SBJsonUTF8Stream.h */ = {isa = PBXFileReference; fileEncoding = 4; lastKnownFileType = sourcecode.c.h; path = SBJsonUTF8Stream.h; sourceTree = "<group>"; };
		D3FAC8AD1A92F7C700C7A964 /* SBJsonUTF8Stream.m */ = {isa = PBXFileReference; fileEncoding = 4; lastKnownFileType = sourcecode.c.objc; path = SBJsonUTF8Stream.m; sourceTree = "<group>"; };
		D3FAC8AE1A92F7C700C7A964 /* SBJsonWriter.h */ = {isa = PBXFileReference; fileEncoding = 4; lastKnownFileType = sourcecode.c.h; path = SBJsonWriter.h; sourceTree = "<group>"; };
		D3FAC8AF1A92F7C700C7A964 /* SBJsonWriter.m */ = {isa = PBXFileReference; fileEncoding = 4; lastKnownFileType = sourcecode.c.objc; path = SBJsonWriter.m; sourceTree = "<group>"; };
		D3FAC8BD1A93058400C7A964 /* cellOaxaca.h */ = {isa = PBXFileReference; fileEncoding = 4; lastKnownFileType = sourcecode.c.h; path = cellOaxaca.h; sourceTree = "<group>"; };
		D3FAC8BE1A93058400C7A964 /* cellOaxaca.m */ = {isa = PBXFileReference; fileEncoding = 4; lastKnownFileType = sourcecode.c.objc; path = cellOaxaca.m; sourceTree = "<group>"; };
/* End PBXFileReference section */

/* Begin PBXFrameworksBuildPhase section */
		D3FAC85E1A92E70400C7A964 /* Frameworks */ = {
			isa = PBXFrameworksBuildPhase;
			buildActionMask = 2147483647;
			files = (
				D3CC24061A9850F300C43E21 /* AVFoundation.framework in Frameworks */,
				D3CC24041A98509E00C43E21 /* QuartzCore.framework in Frameworks */,
				D3CC24021A98508400C43E21 /* ImageIO.framework in Frameworks */,
				D3FAC8951A92F65400C7A964 /* MobileCoreServices.framework in Frameworks */,
				D3548F911A977E400004E917 /* Pushwoosh.framework in Frameworks */,
				D3FAC8931A92F63F00C7A964 /* Accounts.framework in Frameworks */,
				D3FAC8911A92F62C00C7A964 /* CoreData.framework in Frameworks */,
				D3FAC88F1A92F62500C7A964 /* SystemConfiguration.framework in Frameworks */,
				D3FAC88D1A92F61500C7A964 /* libz.dylib in Frameworks */,
				D3FAC88B1A92F14200C7A964 /* iAd.framework in Frameworks */,
			);
			runOnlyForDeploymentPostprocessing = 0;
		};
		D3FAC8771A92E70400C7A964 /* Frameworks */ = {
			isa = PBXFrameworksBuildPhase;
			buildActionMask = 2147483647;
			files = (
			);
			runOnlyForDeploymentPostprocessing = 0;
		};
/* End PBXFrameworksBuildPhase section */

/* Begin PBXGroup section */
		D3548F5E1A977E400004E917 /* pushwoosh-ios-sdk-master */ = {
			isa = PBXGroup;
			children = (
				D3548F5F1A977E400004E917 /* Documentation */,
				D3548F791A977E400004E917 /* Framework */,
			);
			path = "pushwoosh-ios-sdk-master";
			sourceTree = "<group>";
		};
		D3548F5F1A977E400004E917 /* Documentation */ = {
			isa = PBXGroup;
			children = (
				D3548F601A977E400004E917 /* Categories */,
				D3548F631A977E400004E917 /* Classes */,
				D3548F691A977E400004E917 /* Constants */,
				D3548F6C1A977E400004E917 /* css */,
				D3548F6F1A977E400004E917 /* hierarchy.html */,
				D3548F701A977E400004E917 /* img */,
				D3548F761A977E400004E917 /* index.html */,
				D3548F771A977E400004E917 /* Protocols */,
			);
			path = Documentation;
			sourceTree = "<group>";
		};
		D3548F601A977E400004E917 /* Categories */ = {
			isa = PBXGroup;
			children = (
				D3548F611A977E400004E917 /* NSDate+RFC1123.html */,
				D3548F621A977E400004E917 /* NSString+GTMNSStringHTMLAdditions.html */,
			);
			path = Categories;
			sourceTree = "<group>";
		};
		D3548F631A977E400004E917 /* Classes */ = {
			isa = PBXGroup;
			children = (
				D3548F641A977E400004E917 /* PushNotificationManager.html */,
				D3548F651A977E400004E917 /* PWNetworkEngine.html */,
				D3548F661A977E400004E917 /* PWNetworkOperation.html */,
				D3548F671A977E400004E917 /* PWReachability.html */,
				D3548F681A977E400004E917 /* PWTags.html */,
			);
			path = Classes;
			sourceTree = "<group>";
		};
		D3548F691A977E400004E917 /* Constants */ = {
			isa = PBXGroup;
			children = (
				D3548F6A1A977E400004E917 /* PWBeaconAction.html */,
				D3548F6B1A977E400004E917 /* PWSupportedOrientations.html */,
			);
			path = Constants;
			sourceTree = "<group>";
		};
		D3548F6C1A977E400004E917 /* css */ = {
			isa = PBXGroup;
			children = (
				D3548F6D1A977E400004E917 /* styles.css */,
				D3548F6E1A977E400004E917 /* stylesPrint.css */,
			);
			path = css;
			sourceTree = "<group>";
		};
		D3548F701A977E400004E917 /* img */ = {
			isa = PBXGroup;
			children = (
				D3548F711A977E400004E917 /* button_bar_background.png */,
				D3548F721A977E400004E917 /* disclosure.png */,
				D3548F731A977E400004E917 /* disclosure_open.png */,
				D3548F741A977E400004E917 /* library_background.png */,
				D3548F751A977E400004E917 /* title_background.png */,
			);
			path = img;
			sourceTree = "<group>";
		};
		D3548F771A977E400004E917 /* Protocols */ = {
			isa = PBXGroup;
			children = (
				D3548F781A977E400004E917 /* PushNotificationDelegate.html */,
			);
			path = Protocols;
			sourceTree = "<group>";
		};
		D3548F791A977E400004E917 /* Framework */ = {
			isa = PBXGroup;
			children = (
				D3548F7A1A977E400004E917 /* Pushwoosh.framework */,
			);
			path = Framework;
			sourceTree = "<group>";
		};
		D3FAC8581A92E70400C7A964 = {
			isa = PBXGroup;
			children = (
				D3CC24051A9850F300C43E21 /* AVFoundation.framework */,
				D3CC24031A98509E00C43E21 /* QuartzCore.framework */,
				D3CC24011A98508400C43E21 /* ImageIO.framework */,
				D3548F5E1A977E400004E917 /* pushwoosh-ios-sdk-master */,
				D3FAC8941A92F65400C7A964 /* MobileCoreServices.framework */,
				D3FAC8BC1A93055B00C7A964 /* Customized */,
				D3FAC8961A92F7C700C7A964 /* json */,
				D3FAC8921A92F63F00C7A964 /* Accounts.framework */,
				D3FAC8901A92F62C00C7A964 /* CoreData.framework */,
				D3FAC88E1A92F62500C7A964 /* SystemConfiguration.framework */,
				D3FAC88C1A92F61500C7A964 /* libz.dylib */,
				D3FAC88A1A92F14200C7A964 /* iAd.framework */,
				D3FAC8631A92E70400C7A964 /* BaresOaxaca */,
				D3FAC87D1A92E70400C7A964 /* BaresOaxacaTests */,
				D3FAC8621A92E70400C7A964 /* Products */,
			);
			sourceTree = "<group>";
		};
		D3FAC8621A92E70400C7A964 /* Products */ = {
			isa = PBXGroup;
			children = (
				D3FAC8611A92E70400C7A964 /* BaresOaxaca.app */,
				D3FAC87A1A92E70400C7A964 /* BaresOaxacaTests.xctest */,
			);
			name = Products;
			sourceTree = "<group>";
		};
		D3FAC8631A92E70400C7A964 /* BaresOaxaca */ = {
			isa = PBXGroup;
			children = (
				D3FAC8681A92E70400C7A964 /* AppDelegate.h */,
				D3FAC8691A92E70400C7A964 /* AppDelegate.m */,
				D3FAC86B1A92E70400C7A964 /* Home.h */,
				D3FAC86C1A92E70400C7A964 /* Home.m */,
				D382A6011A978A0C00DFFDB3 /* HomeTable.h */,
				D382A6021A978A0C00DFFDB3 /* HomeTable.m */,
				D3FAC86E1A92E70400C7A964 /* Main.storyboard */,
				D3FAC8711A92E70400C7A964 /* Images.xcassets */,
				D3FAC8731A92E70400C7A964 /* LaunchScreen.xib */,
				D3FAC8641A92E70400C7A964 /* Supporting Files */,
			);
			path = BaresOaxaca;
			sourceTree = "<group>";
		};
		D3FAC8641A92E70400C7A964 /* Supporting Files */ = {
			isa = PBXGroup;
			children = (
				D3FAC8651A92E70400C7A964 /* Info.plist */,
				D3FAC8661A92E70400C7A964 /* main.m */,
			);
			name = "Supporting Files";
			sourceTree = "<group>";
		};
		D3FAC87D1A92E70400C7A964 /* BaresOaxacaTests */ = {
			isa = PBXGroup;
			children = (
				D3FAC8801A92E70400C7A964 /* BaresOaxacaTests.m */,
				D3FAC87E1A92E70400C7A964 /* Supporting Files */,
			);
			path = BaresOaxacaTests;
			sourceTree = "<group>";
		};
		D3FAC87E1A92E70400C7A964 /* Supporting Files */ = {
			isa = PBXGroup;
			children = (
				D3FAC87F1A92E70400C7A964 /* Info.plist */,
			);
			name = "Supporting Files";
			sourceTree = "<group>";
		};
		D3FAC8961A92F7C700C7A964 /* json */ = {
			isa = PBXGroup;
			children = (
				D3FAC8971A92F7C700C7A964 /* NSObject+SBJson.h */,
				D3FAC8981A92F7C700C7A964 /* NSObject+SBJson.m */,
				D3FAC8991A92F7C700C7A964 /* SBJson.h */,
				D3FAC89A1A92F7C700C7A964 /* SBJsonParser.h */,
				D3FAC89B1A92F7C700C7A964 /* SBJsonParser.m */,
				D3FAC89C1A92F7C700C7A964 /* SBJsonStreamParser.h */,
				D3FAC89D1A92F7C700C7A964 /* SBJsonStreamParser.m */,
				D3FAC89E1A92F7C700C7A964 /* SBJsonStreamParserAccumulator.h */,
				D3FAC89F1A92F7C700C7A964 /* SBJsonStreamParserAccumulator.m */,
				D3FAC8A01A92F7C700C7A964 /* SBJsonStreamParserAdapter.h */,
				D3FAC8A11A92F7C700C7A964 /* SBJsonStreamParserAdapter.m */,
				D3FAC8A21A92F7C700C7A964 /* SBJsonStreamParserState.h */,
				D3FAC8A31A92F7C700C7A964 /* SBJsonStreamParserState.m */,
				D3FAC8A41A92F7C700C7A964 /* SBJsonStreamWriter.h */,
				D3FAC8A51A92F7C700C7A964 /* SBJsonStreamWriter.m */,
				D3FAC8A61A92F7C700C7A964 /* SBJsonStreamWriterAccumulator.h */,
				D3FAC8A71A92F7C700C7A964 /* SBJsonStreamWriterAccumulator.m */,
				D3FAC8A81A92F7C700C7A964 /* SBJsonStreamWriterState.h */,
				D3FAC8A91A92F7C700C7A964 /* SBJsonStreamWriterState.m */,
				D3FAC8AA1A92F7C700C7A964 /* SBJsonTokeniser.h */,
				D3FAC8AB1A92F7C700C7A964 /* SBJsonTokeniser.m */,
				D3FAC8AC1A92F7C700C7A964 /* SBJsonUTF8Stream.h */,
				D3FAC8AD1A92F7C700C7A964 /* SBJsonUTF8Stream.m */,
				D3FAC8AE1A92F7C700C7A964 /* SBJsonWriter.h */,
				D3FAC8AF1A92F7C700C7A964 /* SBJsonWriter.m */,
			);
			name = json;
			path = BaresOaxaca/json;
			sourceTree = "<group>";
		};
		D3FAC8BC1A93055B00C7A964 /* Customized */ = {
			isa = PBXGroup;
			children = (
				D3FAC8BD1A93058400C7A964 /* cellOaxaca.h */,
				D3FAC8BE1A93058400C7A964 /* cellOaxaca.m */,
			);
			name = Customized;
			sourceTree = "<group>";
		};
/* End PBXGroup section */

/* Begin PBXNativeTarget section */
		D3FAC8601A92E70400C7A964 /* BaresOaxaca */ = {
			isa = PBXNativeTarget;
			buildConfigurationList = D3FAC8841A92E70400C7A964 /* Build configuration list for PBXNativeTarget "BaresOaxaca" */;
			buildPhases = (
				D3FAC85D1A92E70400C7A964 /* Sources */,
				D3FAC85E1A92E70400C7A964 /* Frameworks */,
				D3FAC85F1A92E70400C7A964 /* Resources */,
			);
			buildRules = (
			);
			dependencies = (
			);
			name = BaresOaxaca;
			productName = BaresOaxaca;
			productReference = D3FAC8611A92E70400C7A964 /* BaresOaxaca.app */;
			productType = "com.apple.product-type.application";
		};
		D3FAC8791A92E70400C7A964 /* BaresOaxacaTests */ = {
			isa = PBXNativeTarget;
			buildConfigurationList = D3FAC8871A92E70400C7A964 /* Build configuration list for PBXNativeTarget "BaresOaxacaTests" */;
			buildPhases = (
				D3FAC8761A92E70400C7A964 /* Sources */,
				D3FAC8771A92E70400C7A964 /* Frameworks */,
				D3FAC8781A92E70400C7A964 /* Resources */,
			);
			buildRules = (
			);
			dependencies = (
				D3FAC87C1A92E70400C7A964 /* PBXTargetDependency */,
			);
			name = BaresOaxacaTests;
			productName = BaresOaxacaTests;
			productReference = D3FAC87A1A92E70400C7A964 /* BaresOaxacaTests.xctest */;
			productType = "com.apple.product-type.bundle.unit-test";
		};
/* End PBXNativeTarget section */

/* Begin PBXProject section */
		D3FAC8591A92E70400C7A964 /* Project object */ = {
			isa = PBXProject;
			attributes = {
				LastUpgradeCheck = 0610;
				ORGANIZATIONNAME = AlbertoCorderoArellanes;
				TargetAttributes = {
					D3FAC8601A92E70400C7A964 = {
						CreatedOnToolsVersion = 6.1.1;
					};
					D3FAC8791A92E70400C7A964 = {
						CreatedOnToolsVersion = 6.1.1;
						TestTargetID = D3FAC8601A92E70400C7A964;
					};
				};
			};
			buildConfigurationList = D3FAC85C1A92E70400C7A964 /* Build configuration list for PBXProject "BaresOaxaca" */;
			compatibilityVersion = "Xcode 3.2";
			developmentRegion = English;
			hasScannedForEncodings = 0;
			knownRegions = (
				en,
				Base,
			);
			mainGroup = D3FAC8581A92E70400C7A964;
			productRefGroup = D3FAC8621A92E70400C7A964 /* Products */;
			projectDirPath = "";
			projectRoot = "";
			targets = (
				D3FAC8601A92E70400C7A964 /* BaresOaxaca */,
				D3FAC8791A92E70400C7A964 /* BaresOaxacaTests */,
			);
		};
/* End PBXProject section */

/* Begin PBXResourcesBuildPhase section */
		D3FAC85F1A92E70400C7A964 /* Resources */ = {
			isa = PBXResourcesBuildPhase;
			buildActionMask = 2147483647;
			files = (
				D3548F8F1A977E400004E917 /* index.html in Resources */,
				D3548F811A977E400004E917 /* PWNetworkEngine.html in Resources */,
				D3548F8D1A977E400004E917 /* library_background.png in Resources */,
				D3548F851A977E400004E917 /* PWBeaconAction.html in Resources */,
				D3FAC8701A92E70400C7A964 /* Main.storyboard in Resources */,
				D3548F881A977E400004E917 /* stylesPrint.css in Resources */,
				D3548F901A977E400004E917 /* PushNotificationDelegate.html in Resources */,
				D3548F8C1A977E400004E917 /* disclosure_open.png in Resources */,
				D3548F861A977E400004E917 /* PWSupportedOrientations.html in Resources */,
				D3548F871A977E400004E917 /* styles.css in Resources */,
				D3548F8B1A977E400004E917 /* disclosure.png in Resources */,
				D3548F841A977E400004E917 /* PWTags.html in Resources */,
				D3FAC8751A92E70400C7A964 /* LaunchScreen.xib in Resources */,
				D3548F7F1A977E400004E917 /* NSString+GTMNSStringHTMLAdditions.html in Resources */,
				D3548F831A977E400004E917 /* PWReachability.html in Resources */,
				D3548F821A977E400004E917 /* PWNetworkOperation.html in Resources */,
				D3548F8A1A977E400004E917 /* button_bar_background.png in Resources */,
				D3548F7E1A977E400004E917 /* NSDate+RFC1123.html in Resources */,
				D3548F8E1A977E400004E917 /* title_background.png in Resources */,
				D3FAC8721A92E70400C7A964 /* Images.xcassets in Resources */,
				D3548F891A977E400004E917 /* hierarchy.html in Resources */,
				D3548F801A977E400004E917 /* PushNotificationManager.html in Resources */,
			);
			runOnlyForDeploymentPostprocessing = 0;
		};
		D3FAC8781A92E70400C7A964 /* Resources */ = {
			isa = PBXResourcesBuildPhase;
			buildActionMask = 2147483647;
			files = (
			);
			runOnlyForDeploymentPostprocessing = 0;
		};
/* End PBXResourcesBuildPhase section */

/* Begin PBXSourcesBuildPhase section */
		D3FAC85D1A92E70400C7A964 /* Sources */ = {
			isa = PBXSourcesBuildPhase;
			buildActionMask = 2147483647;
			files = (
				D3FAC86D1A92E70400C7A964 /* Home.m in Sources */,
				D3FAC8BB1A92F7C700C7A964 /* SBJsonWriter.m in Sources */,
				D3FAC86A1A92E70400C7A964 /* AppDelegate.m in Sources */,
				D3FAC8B91A92F7C700C7A964 /* SBJsonTokeniser.m in Sources */,
				D3FAC8BF1A93058400C7A964 /* cellOaxaca.m in Sources */,
				D3FAC8B01A92F7C700C7A964 /* NSObject+SBJson.m in Sources */,
				D3FAC8B61A92F7C700C7A964 /* SBJsonStreamWriter.m in Sources */,
				D3FAC8B21A92F7C700C7A964 /* SBJsonStreamParser.m in Sources */,
				D3FAC8B11A92F7C700C7A964 /* SBJsonParser.m in Sources */,
				D3FAC8B31A92F7C700C7A964 /* SBJsonStreamParserAccumulator.m in Sources */,
				D3FAC8B51A92F7C700C7A964 /* SBJsonStreamParserState.m in Sources */,
				D382A6031A978A0C00DFFDB3 /* HomeTable.m in Sources */,
				D3FAC8B71A92F7C700C7A964 /* SBJsonStreamWriterAccumulator.m in Sources */,
				D3FAC8B81A92F7C700C7A964 /* SBJsonStreamWriterState.m in Sources */,
				D3FAC8BA1A92F7C700C7A964 /* SBJsonUTF8Stream.m in Sources */,
				D3FAC8671A92E70400C7A964 /* main.m in Sources */,
				D3FAC8B41A92F7C700C7A964 /* SBJsonStreamParserAdapter.m in Sources */,
			);
			runOnlyForDeploymentPostprocessing = 0;
		};
		D3FAC8761A92E70400C7A964 /* Sources */ = {
			isa = PBXSourcesBuildPhase;
			buildActionMask = 2147483647;
			files = (
				D3FAC8811A92E70400C7A964 /* BaresOaxacaTests.m in Sources */,
			);
			runOnlyForDeploymentPostprocessing = 0;
		};
/* End PBXSourcesBuildPhase section */

/* Begin PBXTargetDependency section */
		D3FAC87C1A92E70400C7A964 /* PBXTargetDependency */ = {
			isa = PBXTargetDependency;
			target = D3FAC8601A92E70400C7A964 /* BaresOaxaca */;
			targetProxy = D3FAC87B1A92E70400C7A964 /* PBXContainerItemProxy */;
		};
/* End PBXTargetDependency section */

/* Begin PBXVariantGroup section */
		D3FAC86E1A92E70400C7A964 /* Main.storyboard */ = {
			isa = PBXVariantGroup;
			children = (
				D3FAC86F1A92E70400C7A964 /* Base */,
			);
			name = Main.storyboard;
			sourceTree = "<group>";
		};
		D3FAC8731A92E70400C7A964 /* LaunchScreen.xib */ = {
			isa = PBXVariantGroup;
			children = (
				D3FAC8741A92E70400C7A964 /* Base */,
			);
			name = LaunchScreen.xib;
			sourceTree = "<group>";
		};
/* End PBXVariantGroup section */

/* Begin XCBuildConfiguration section */
		D3FAC8821A92E70400C7A964 /* Debug */ = {
			isa = XCBuildConfiguration;
			buildSettings = {
				ALWAYS_SEARCH_USER_PATHS = NO;
				CLANG_CXX_LANGUAGE_STANDARD = "gnu++0x";
				CLANG_CXX_LIBRARY = "libc++";
				CLANG_ENABLE_MODULES = YES;
				CLANG_ENABLE_OBJC_ARC = YES;
				CLANG_WARN_BOOL_CONVERSION = YES;
				CLANG_WARN_CONSTANT_CONVERSION = YES;
				CLANG_WARN_DIRECT_OBJC_ISA_USAGE = YES_ERROR;
				CLANG_WARN_EMPTY_BODY = YES;
				CLANG_WARN_ENUM_CONVERSION = YES;
				CLANG_WARN_INT_CONVERSION = YES;
				CLANG_WARN_OBJC_ROOT_CLASS = YES_ERROR;
				CLANG_WARN_UNREACHABLE_CODE = YES;
				CLANG_WARN__DUPLICATE_METHOD_MATCH = YES;
				"CODE_SIGN_IDENTITY[sdk=iphoneos*]" = "iPhone Developer";
				COPY_PHASE_STRIP = NO;
				ENABLE_STRICT_OBJC_MSGSEND = YES;
				GCC_C_LANGUAGE_STANDARD = gnu99;
				GCC_DYNAMIC_NO_PIC = NO;
				GCC_OPTIMIZATION_LEVEL = 0;
				GCC_PREPROCESSOR_DEFINITIONS = (
					"DEBUG=1",
					"$(inherited)",
				);
				GCC_SYMBOLS_PRIVATE_EXTERN = NO;
				GCC_WARN_64_TO_32_BIT_CONVERSION = YES;
				GCC_WARN_ABOUT_RETURN_TYPE = YES_ERROR;
				GCC_WARN_UNDECLARED_SELECTOR = YES;
				GCC_WARN_UNINITIALIZED_AUTOS = YES_AGGRESSIVE;
				GCC_WARN_UNUSED_FUNCTION = YES;
				GCC_WARN_UNUSED_VARIABLE = YES;
				IPHONEOS_DEPLOYMENT_TARGET = 8.1;
				MTL_ENABLE_DEBUG_INFO = YES;
				ONLY_ACTIVE_ARCH = YES;
				OTHER_LDFLAGS = "-ObjC";
				PROVISIONING_PROFILE = "";
				SDKROOT = iphoneos;
				TARGETED_DEVICE_FAMILY = "1,2";
			};
			name = Debug;
		};
		D3FAC8831A92E70400C7A964 /* Release */ = {
			isa = XCBuildConfiguration;
			buildSettings = {
				ALWAYS_SEARCH_USER_PATHS = NO;
				CLANG_CXX_LANGUAGE_STANDARD = "gnu++0x";
				CLANG_CXX_LIBRARY = "libc++";
				CLANG_ENABLE_MODULES = YES;
				CLANG_ENABLE_OBJC_ARC = YES;
				CLANG_WARN_BOOL_CONVERSION = YES;
				CLANG_WARN_CONSTANT_CONVERSION = YES;
				CLANG_WARN_DIRECT_OBJC_ISA_USAGE = YES_ERROR;
				CLANG_WARN_EMPTY_BODY = YES;
				CLANG_WARN_ENUM_CONVERSION = YES;
				CLANG_WARN_INT_CONVERSION = YES;
				CLANG_WARN_OBJC_ROOT_CLASS = YES_ERROR;
				CLANG_WARN_UNREACHABLE_CODE = YES;
				CLANG_WARN__DUPLICATE_METHOD_MATCH = YES;
				"CODE_SIGN_IDENTITY[sdk=iphoneos*]" = "iPhone Developer";
				COPY_PHASE_STRIP = YES;
				ENABLE_NS_ASSERTIONS = NO;
				ENABLE_STRICT_OBJC_MSGSEND = YES;
				GCC_C_LANGUAGE_STANDARD = gnu99;
				GCC_WARN_64_TO_32_BIT_CONVERSION = YES;
				GCC_WARN_ABOUT_RETURN_TYPE = YES_ERROR;
				GCC_WARN_UNDECLARED_SELECTOR = YES;
				GCC_WARN_UNINITIALIZED_AUTOS = YES_AGGRESSIVE;
				GCC_WARN_UNUSED_FUNCTION = YES;
				GCC_WARN_UNUSED_VARIABLE = YES;
				IPHONEOS_DEPLOYMENT_TARGET = 8.1;
				MTL_ENABLE_DEBUG_INFO = NO;
				OTHER_LDFLAGS = "-ObjC";
				PROVISIONING_PROFILE = "";
				SDKROOT = iphoneos;
				TARGETED_DEVICE_FAMILY = "1,2";
				VALIDATE_PRODUCT = YES;
			};
			name = Release;
		};
		D3FAC8851A92E70400C7A964 /* Debug */ = {
			isa = XCBuildConfiguration;
			buildSettings = {
				ASSETCATALOG_COMPILER_APPICON_NAME = AppIcon;
				CODE_SIGN_IDENTITY = "";
				FRAMEWORK_SEARCH_PATHS = (
					"$(inherited)",
					"$(PROJECT_DIR)/BaresOaxaca/pushwoosh-ios-sdk-master/Framework",
					"$(PROJECT_DIR)/pushwoosh-ios-sdk-master/Framework",
				);
				INFOPLIST_FILE = BaresOaxaca/Info.plist;
				LD_RUNPATH_SEARCH_PATHS = "$(inherited) @executable_path/Frameworks";
				PRODUCT_NAME = "$(TARGET_NAME)";
				PROVISIONING_PROFILE = "21484b7f-02bb-4945-ac90-aef9dc4b95e4";
			};
			name = Debug;
		};
		D3FAC8861A92E70400C7A964 /* Release */ = {
			isa = XCBuildConfiguration;
			buildSettings = {
				ASSETCATALOG_COMPILER_APPICON_NAME = AppIcon;
				CODE_SIGN_IDENTITY = "";
				FRAMEWORK_SEARCH_PATHS = (
					"$(inherited)",
					"$(PROJECT_DIR)/BaresOaxaca/pushwoosh-ios-sdk-master/Framework",
					"$(PROJECT_DIR)/pushwoosh-ios-sdk-master/Framework",
				);
				INFOPLIST_FILE = BaresOaxaca/Info.plist;
				LD_RUNPATH_SEARCH_PATHS = "$(inherited) @executable_path/Frameworks";
				PRODUCT_NAME = "$(TARGET_NAME)";
				PROVISIONING_PROFILE = "21484b7f-02bb-4945-ac90-aef9dc4b95e4";
			};
			name = Release;
		};
		D3FAC8881A92E70400C7A964 /* Debug */ = {
			isa = XCBuildConfiguration;
			buildSettings = {
				BUNDLE_LOADER = "$(TEST_HOST)";
				FRAMEWORK_SEARCH_PATHS = (
					"$(SDKROOT)/Developer/Library/Frameworks",
					"$(inherited)",
				);
				GCC_PREPROCESSOR_DEFINITIONS = (
					"DEBUG=1",
					"$(inherited)",
				);
				INFOPLIST_FILE = BaresOaxacaTests/Info.plist;
				LD_RUNPATH_SEARCH_PATHS = "$(inherited) @executable_path/Frameworks @loader_path/Frameworks";
				PRODUCT_NAME = "$(TARGET_NAME)";
				TEST_HOST = "$(BUILT_PRODUCTS_DIR)/BaresOaxaca.app/BaresOaxaca";
			};
			name = Debug;
		};
		D3FAC8891A92E70400C7A964 /* Release */ = {
			isa = XCBuildConfiguration;
			buildSettings = {
				BUNDLE_LOADER = "$(TEST_HOST)";
				FRAMEWORK_SEARCH_PATHS = (
					"$(SDKROOT)/Developer/Library/Frameworks",
					"$(inherited)",
				);
				INFOPLIST_FILE = BaresOaxacaTests/Info.plist;
				LD_RUNPATH_SEARCH_PATHS = "$(inherited) @executable_path/Frameworks @loader_path/Frameworks";
				PRODUCT_NAME = "$(TARGET_NAME)";
				TEST_HOST = "$(BUILT_PRODUCTS_DIR)/BaresOaxaca.app/BaresOaxaca";
			};
			name = Release;
		};
/* End XCBuildConfiguration section */

/* Begin XCConfigurationList section */
		D3FAC85C1A92E70400C7A964 /* Build configuration list for PBXProject "BaresOaxaca" */ = {
			isa = XCConfigurationList;
			buildConfigurations = (
				D3FAC8821A92E70400C7A964 /* Debug */,
				D3FAC8831A92E70400C7A964 /* Release */,
			);
			defaultConfigurationIsVisible = 0;
			defaultConfigurationName = Release;
		};
		D3FAC8841A92E70400C7A964 /* Build configuration list for PBXNativeTarget "BaresOaxaca" */ = {
			isa = XCConfigurationList;
			buildConfigurations = (
				D3FAC8851A92E70400C7A964 /* Debug */,
				D3FAC8861A92E70400C7A964 /* Release */,
			);
			defaultConfigurationIsVisible = 0;
			defaultConfigurationName = Release;
		};
		D3FAC8871A92E70400C7A964 /* Build configuration list for PBXNativeTarget "BaresOaxacaTests" */ = {
			isa = XCConfigurationList;
			buildConfigurations = (
				D3FAC8881A92E70400C7A964 /* Debug */,
				D3FAC8891A92E70400C7A964 /* Release */,
			);
			defaultConfigurationIsVisible = 0;
			defaultConfigurationName = Release;
		};
/* End XCConfigurationList section */
	};
	rootObject = D3FAC8591A92E70400C7A964 /* Project object */;
}
